
Microsoft Visual Studio Solution File, Format Version 12.00
# Visual Studio Version 17
VisualStudioVersion = 17.14.36429.23 d17.14
MinimumVisualStudioVersion = 10.0.40219.1
Project("{FAE04EC0-301F-11D3-BF4B-00C04F79EFBC}") = "Info Projektkurs1", "Info Projektkurs1\Info Projektkurs1.csproj", "{8F40FDA4-6D78-4C22-860F-257EC61EBE6E}"
EndProject
Global
	GlobalSection(SolutionConfigurationPlatforms) = preSolution
		Debug|Any CPU = Debug|Any CPU
		Release|Any CPU = Release|Any CPU
	EndGlobalSection
	GlobalSection(ProjectConfigurationPlatforms) = postSolution
		{8F40FDA4-6D78-4C22-860F-257EC61EBE6E}.Debug|Any CPU.ActiveCfg = Debug|Any CPU
		{8F40FDA4-6D78-4C22-860F-257EC61EBE6E}.Debug|Any CPU.Build.0 = Debug|Any CPU
		{8F40FDA4-6D78-4C22-860F-257EC61EBE6E}.Release|Any CPU.ActiveCfg = Release|Any CPU
		{8F40FDA4-6D78-4C22-860F-257EC61EBE6E}.Release|Any CPU.Build.0 = Release|Any CPU
	EndGlobalSection
	GlobalSection(SolutionProperties) = preSolution
		HideSolutionNode = FALSE
	EndGlobalSection
	GlobalSection(ExtensibilityGlobals) = postSolution
		SolutionGuid = {0283D314-CD65-497E-A7A4-92F37570B35F}
	EndGlobalSection
EndGlobal
